// !$*UTF8*$!
{
	archiveVersion = 1;
	classes = {
	};
	objectVersion = 46;
	objects = {

/* Begin PBXBuildFile section */
		488C30CF9D112CCDF9B698E5 /* Pods_oraculus.framework in Frameworks */ = {isa = PBXBuildFile; fileRef = 3293C8D51AC19A8A1C129B8A /* Pods_oraculus.framework */; };
		913CF95F1DB28DFF00328F0A /* AppDelegate.swift in Sources */ = {isa = PBXBuildFile; fileRef = 913CF95E1DB28DFF00328F0A /* AppDelegate.swift */; };
		913CF9661DB28DFF00328F0A /* Assets.xcassets in Resources */ = {isa = PBXBuildFile; fileRef = 913CF9651DB28DFF00328F0A /* Assets.xcassets */; };
		913CF9691DB28DFF00328F0A /* LaunchScreen.storyboard in Resources */ = {isa = PBXBuildFile; fileRef = 913CF9671DB28DFF00328F0A /* LaunchScreen.storyboard */; };
		913CF9741DB28DFF00328F0A /* oraculusTests.swift in Sources */ = {isa = PBXBuildFile; fileRef = 913CF9731DB28DFF00328F0A /* oraculusTests.swift */; };
		913CF97F1DB28E0000328F0A /* oraculusUITests.swift in Sources */ = {isa = PBXBuildFile; fileRef = 913CF97E1DB28E0000328F0A /* oraculusUITests.swift */; };
		916FCC701DB40089009933AD /* Main.storyboard in Resources */ = {isa = PBXBuildFile; fileRef = 916FCC6F1DB40089009933AD /* Main.storyboard */; };
		916FCC741DB4134A009933AD /* LoginScreenViewController.swift in Sources */ = {isa = PBXBuildFile; fileRef = 916FCC731DB4134A009933AD /* LoginScreenViewController.swift */; };
		916FCC761DB4159E009933AD /* QuestionsViewController.swift in Sources */ = {isa = PBXBuildFile; fileRef = 916FCC751DB4159E009933AD /* QuestionsViewController.swift */; };
		916FCC781DB41A39009933AD /* PredictionViewController.swift in Sources */ = {isa = PBXBuildFile; fileRef = 916FCC771DB41A39009933AD /* PredictionViewController.swift */; };
		917E03351DB635CF00C282E5 /* RatingViewController.swift in Sources */ = {isa = PBXBuildFile; fileRef = 917E03341DB635CF00C282E5 /* RatingViewController.swift */; };
		918CBC981DBC06A400FD87EB /* VK_ios_sdk.framework in Frameworks */ = {isa = PBXBuildFile; fileRef = 918CBC971DBC06A400FD87EB /* VK_ios_sdk.framework */; };
		E8477A3B478C1FC8DA1C2AB0 /* Pods_oraculusTests.framework in Frameworks */ = {isa = PBXBuildFile; fileRef = 90D3B801486F147E094AD886 /* Pods_oraculusTests.framework */; };
		EABA9979CEA542A6C62556BD /* Pods_oraculusUITests.framework in Frameworks */ = {isa = PBXBuildFile; fileRef = 2B8F3B4AD34A2CFF36BA764A /* Pods_oraculusUITests.framework */; };
/* End PBXBuildFile section */

/* Begin PBXContainerItemProxy section */
		913CF9701DB28DFF00328F0A /* PBXContainerItemProxy */ = {
			isa = PBXContainerItemProxy;
			containerPortal = 913CF9531DB28DFF00328F0A /* Project object */;
			proxyType = 1;
			remoteGlobalIDString = 913CF95A1DB28DFF00328F0A;
			remoteInfo = oraculus;
		};
		913CF97B1DB28E0000328F0A /* PBXContainerItemProxy */ = {
			isa = PBXContainerItemProxy;
			containerPortal = 913CF9531DB28DFF00328F0A /* Project object */;
			proxyType = 1;
			remoteGlobalIDString = 913CF95A1DB28DFF00328F0A;
			remoteInfo = oraculus;
		};
/* End PBXContainerItemProxy section */

/* Begin PBXFileReference section */
		2A8FC2EB714E0A5D95703D1E /* Pods-oraculus.release.xcconfig */ = {isa = PBXFileReference; includeInIndex = 1; lastKnownFileType = text.xcconfig; name = "Pods-oraculus.release.xcconfig"; path = "Pods/Target Support Files/Pods-oraculus/Pods-oraculus.release.xcconfig"; sourceTree = "<group>"; };
		2B8F3B4AD34A2CFF36BA764A /* Pods_oraculusUITests.framework */ = {isa = PBXFileReference; explicitFileType = wrapper.framework; includeInIndex = 0; path = Pods_oraculusUITests.framework; sourceTree = BUILT_PRODUCTS_DIR; };
		3293C8D51AC19A8A1C129B8A /* Pods_oraculus.framework */ = {isa = PBXFileReference; explicitFileType = wrapper.framework; includeInIndex = 0; path = Pods_oraculus.framework; sourceTree = BUILT_PRODUCTS_DIR; };
		788CAE9869BE320626F55406 /* Pods-oraculusTests.debug.xcconfig */ = {isa = PBXFileReference; includeInIndex = 1; lastKnownFileType = text.xcconfig; name = "Pods-oraculusTests.debug.xcconfig"; path = "Pods/Target Support Files/Pods-oraculusTests/Pods-oraculusTests.debug.xcconfig"; sourceTree = "<group>"; };
		83EEC42F6FD6571DFA6CCC82 /* Pods-oraculusUITests.debug.xcconfig */ = {isa = PBXFileReference; includeInIndex = 1; lastKnownFileType = text.xcconfig; name = "Pods-oraculusUITests.debug.xcconfig"; path = "Pods/Target Support Files/Pods-oraculusUITests/Pods-oraculusUITests.debug.xcconfig"; sourceTree = "<group>"; };
		90D3B801486F147E094AD886 /* Pods_oraculusTests.framework */ = {isa = PBXFileReference; explicitFileType = wrapper.framework; includeInIndex = 0; path = Pods_oraculusTests.framework; sourceTree = BUILT_PRODUCTS_DIR; };
		913CF95B1DB28DFF00328F0A /* oraculus.app */ = {isa = PBXFileReference; explicitFileType = wrapper.application; includeInIndex = 0; path = oraculus.app; sourceTree = BUILT_PRODUCTS_DIR; };
		913CF95E1DB28DFF00328F0A /* AppDelegate.swift */ = {isa = PBXFileReference; lastKnownFileType = sourcecode.swift; path = AppDelegate.swift; sourceTree = "<group>"; };
		913CF9651DB28DFF00328F0A /* Assets.xcassets */ = {isa = PBXFileReference; lastKnownFileType = folder.assetcatalog; path = Assets.xcassets; sourceTree = "<group>"; };
		913CF9681DB28DFF00328F0A /* Base */ = {isa = PBXFileReference; lastKnownFileType = file.storyboard; name = Base; path = Base.lproj/LaunchScreen.storyboard; sourceTree = "<group>"; };
		913CF96A1DB28DFF00328F0A /* Info.plist */ = {isa = PBXFileReference; lastKnownFileType = text.plist.xml; path = Info.plist; sourceTree = "<group>"; };
		913CF96F1DB28DFF00328F0A /* oraculusTests.xctest */ = {isa = PBXFileReference; explicitFileType = wrapper.cfbundle; includeInIndex = 0; path = oraculusTests.xctest; sourceTree = BUILT_PRODUCTS_DIR; };
		913CF9731DB28DFF00328F0A /* oraculusTests.swift */ = {isa = PBXFileReference; lastKnownFileType = sourcecode.swift; path = oraculusTests.swift; sourceTree = "<group>"; };
		913CF9751DB28DFF00328F0A /* Info.plist */ = {isa = PBXFileReference; lastKnownFileType = text.plist.xml; path = Info.plist; sourceTree = "<group>"; };
		913CF97A1DB28E0000328F0A /* oraculusUITests.xctest */ = {isa = PBXFileReference; explicitFileType = wrapper.cfbundle; includeInIndex = 0; path = oraculusUITests.xctest; sourceTree = BUILT_PRODUCTS_DIR; };
		913CF97E1DB28E0000328F0A /* oraculusUITests.swift */ = {isa = PBXFileReference; lastKnownFileType = sourcecode.swift; path = oraculusUITests.swift; sourceTree = "<group>"; };
		913CF9801DB28E0000328F0A /* Info.plist */ = {isa = PBXFileReference; lastKnownFileType = text.plist.xml; path = Info.plist; sourceTree = "<group>"; };
		916FCC6F1DB40089009933AD /* Main.storyboard */ = {isa = PBXFileReference; fileEncoding = 4; lastKnownFileType = file.storyboard; path = Main.storyboard; sourceTree = "<group>"; };
		916FCC731DB4134A009933AD /* LoginScreenViewController.swift */ = {isa = PBXFileReference; fileEncoding = 4; lastKnownFileType = sourcecode.swift; path = LoginScreenViewController.swift; sourceTree = "<group>"; };
		916FCC751DB4159E009933AD /* QuestionsViewController.swift */ = {isa = PBXFileReference; fileEncoding = 4; lastKnownFileType = sourcecode.swift; path = QuestionsViewController.swift; sourceTree = "<group>"; };
		916FCC771DB41A39009933AD /* PredictionViewController.swift */ = {isa = PBXFileReference; fileEncoding = 4; lastKnownFileType = sourcecode.swift; path = PredictionViewController.swift; sourceTree = "<group>"; };
		917E03341DB635CF00C282E5 /* RatingViewController.swift */ = {isa = PBXFileReference; fileEncoding = 4; lastKnownFileType = sourcecode.swift; path = RatingViewController.swift; sourceTree = "<group>"; };
		918CBC971DBC06A400FD87EB /* VK_ios_sdk.framework */ = {isa = PBXFileReference; lastKnownFileType = wrapper.framework; name = VK_ios_sdk.framework; path = "../../../Library/Developer/Xcode/DerivedData/oraculus-anlqzseyfjnnuddapeqdsvjsdrtw/Build/Products/Debug-iphonesimulator/VK-ios-sdk/VK_ios_sdk.framework"; sourceTree = "<group>"; };
		96108A0EE4EC5BB3AD489945 /* Pods-oraculus.debug.xcconfig */ = {isa = PBXFileReference; includeInIndex = 1; lastKnownFileType = text.xcconfig; name = "Pods-oraculus.debug.xcconfig"; path = "Pods/Target Support Files/Pods-oraculus/Pods-oraculus.debug.xcconfig"; sourceTree = "<group>"; };
		AC793434339D0F61B20CF9B7 /* Pods-oraculusUITests.release.xcconfig */ = {isa = PBXFileReference; includeInIndex = 1; lastKnownFileType = text.xcconfig; name = "Pods-oraculusUITests.release.xcconfig"; path = "Pods/Target Support Files/Pods-oraculusUITests/Pods-oraculusUITests.release.xcconfig"; sourceTree = "<group>"; };
		B9F5731303D3DBB63F75ABF6 /* Pods-oraculusTests.release.xcconfig */ = {isa = PBXFileReference; includeInIndex = 1; lastKnownFileType = text.xcconfig; name = "Pods-oraculusTests.release.xcconfig"; path = "Pods/Target Support Files/Pods-oraculusTests/Pods-oraculusTests.release.xcconfig"; sourceTree = "<group>"; };
/* End PBXFileReference section */

/* Begin PBXFrameworksBuildPhase section */
		913CF9581DB28DFF00328F0A /* Frameworks */ = {
			isa = PBXFrameworksBuildPhase;
			buildActionMask = 2147483647;
			files = (
				918CBC981DBC06A400FD87EB /* VK_ios_sdk.framework in Frameworks */,
				488C30CF9D112CCDF9B698E5 /* Pods_oraculus.framework in Frameworks */,
			);
			runOnlyForDeploymentPostprocessing = 0;
		};
		913CF96C1DB28DFF00328F0A /* Frameworks */ = {
			isa = PBXFrameworksBuildPhase;
			buildActionMask = 2147483647;
			files = (
				E8477A3B478C1FC8DA1C2AB0 /* Pods_oraculusTests.framework in Frameworks */,
			);
			runOnlyForDeploymentPostprocessing = 0;
		};
		913CF9771DB28E0000328F0A /* Frameworks */ = {
			isa = PBXFrameworksBuildPhase;
			buildActionMask = 2147483647;
			files = (
				EABA9979CEA542A6C62556BD /* Pods_oraculusUITests.framework in Frameworks */,
			);
			runOnlyForDeploymentPostprocessing = 0;
		};
/* End PBXFrameworksBuildPhase section */

/* Begin PBXGroup section */
		82925F90A093320E50634D26 /* Pods */ = {
			isa = PBXGroup;
			children = (
				96108A0EE4EC5BB3AD489945 /* Pods-oraculus.debug.xcconfig */,
				2A8FC2EB714E0A5D95703D1E /* Pods-oraculus.release.xcconfig */,
				788CAE9869BE320626F55406 /* Pods-oraculusTests.debug.xcconfig */,
				B9F5731303D3DBB63F75ABF6 /* Pods-oraculusTests.release.xcconfig */,
				83EEC42F6FD6571DFA6CCC82 /* Pods-oraculusUITests.debug.xcconfig */,
				AC793434339D0F61B20CF9B7 /* Pods-oraculusUITests.release.xcconfig */,
			);
			name = Pods;
			sourceTree = "<group>";
		};
		913CF9521DB28DFF00328F0A = {
			isa = PBXGroup;
			children = (
				913CF95D1DB28DFF00328F0A /* oraculus */,
				913CF9721DB28DFF00328F0A /* oraculusTests */,
				913CF97D1DB28E0000328F0A /* oraculusUITests */,
				913CF95C1DB28DFF00328F0A /* Products */,
				82925F90A093320E50634D26 /* Pods */,
				D868140A923C2E7FB60172CA /* Frameworks */,
			);
			sourceTree = "<group>";
		};
		913CF95C1DB28DFF00328F0A /* Products */ = {
			isa = PBXGroup;
			children = (
				913CF95B1DB28DFF00328F0A /* oraculus.app */,
				913CF96F1DB28DFF00328F0A /* oraculusTests.xctest */,
				913CF97A1DB28E0000328F0A /* oraculusUITests.xctest */,
			);
			name = Products;
			sourceTree = "<group>";
		};
		913CF95D1DB28DFF00328F0A /* oraculus */ = {
			isa = PBXGroup;
			children = (
				916FCC731DB4134A009933AD /* LoginScreenViewController.swift */,
				916FCC751DB4159E009933AD /* QuestionsViewController.swift */,
				916FCC771DB41A39009933AD /* PredictionViewController.swift */,
				917E03341DB635CF00C282E5 /* RatingViewController.swift */,
				913CF95E1DB28DFF00328F0A /* AppDelegate.swift */,
				913CF9651DB28DFF00328F0A /* Assets.xcassets */,
				916FCC6F1DB40089009933AD /* Main.storyboard */,
				913CF9671DB28DFF00328F0A /* LaunchScreen.storyboard */,
				913CF96A1DB28DFF00328F0A /* Info.plist */,
			);
			path = oraculus;
			sourceTree = "<group>";
		};
		913CF9721DB28DFF00328F0A /* oraculusTests */ = {
			isa = PBXGroup;
			children = (
				913CF9731DB28DFF00328F0A /* oraculusTests.swift */,
				913CF9751DB28DFF00328F0A /* Info.plist */,
			);
			path = oraculusTests;
			sourceTree = "<group>";
		};
		913CF97D1DB28E0000328F0A /* oraculusUITests */ = {
			isa = PBXGroup;
			children = (
				913CF97E1DB28E0000328F0A /* oraculusUITests.swift */,
				913CF9801DB28E0000328F0A /* Info.plist */,
			);
			path = oraculusUITests;
			sourceTree = "<group>";
		};
		D868140A923C2E7FB60172CA /* Frameworks */ = {
			isa = PBXGroup;
			children = (
				918CBC971DBC06A400FD87EB /* VK_ios_sdk.framework */,
				3293C8D51AC19A8A1C129B8A /* Pods_oraculus.framework */,
				90D3B801486F147E094AD886 /* Pods_oraculusTests.framework */,
				2B8F3B4AD34A2CFF36BA764A /* Pods_oraculusUITests.framework */,
			);
			name = Frameworks;
			sourceTree = "<group>";
		};
/* End PBXGroup section */

/* Begin PBXNativeTarget section */
		913CF95A1DB28DFF00328F0A /* oraculus */ = {
			isa = PBXNativeTarget;
			buildConfigurationList = 913CF9831DB28E0000328F0A /* Build configuration list for PBXNativeTarget "oraculus" */;
			buildPhases = (
				E784FE3223BEA6DB308A54A8 /* [CP] Check Pods Manifest.lock */,
				913CF9571DB28DFF00328F0A /* Sources */,
				913CF9581DB28DFF00328F0A /* Frameworks */,
				913CF9591DB28DFF00328F0A /* Resources */,
				39C79D762EFDDB43F3A91922 /* [CP] Embed Pods Frameworks */,
				87836595D99ABC6080D2DEFA /* [CP] Copy Pods Resources */,
			);
			buildRules = (
			);
			dependencies = (
			);
			name = oraculus;
			productName = oraculus;
			productReference = 913CF95B1DB28DFF00328F0A /* oraculus.app */;
			productType = "com.apple.product-type.application";
		};
		913CF96E1DB28DFF00328F0A /* oraculusTests */ = {
			isa = PBXNativeTarget;
			buildConfigurationList = 913CF9861DB28E0000328F0A /* Build configuration list for PBXNativeTarget "oraculusTests" */;
			buildPhases = (
				FBBD22432B44F9945269E4F9 /* [CP] Check Pods Manifest.lock */,
				913CF96B1DB28DFF00328F0A /* Sources */,
				913CF96C1DB28DFF00328F0A /* Frameworks */,
				913CF96D1DB28DFF00328F0A /* Resources */,
				55693E932C762215A85EB71F /* [CP] Embed Pods Frameworks */,
				488D5F9EE3F15F458E252E14 /* [CP] Copy Pods Resources */,
			);
			buildRules = (
			);
			dependencies = (
				913CF9711DB28DFF00328F0A /* PBXTargetDependency */,
			);
			name = oraculusTests;
			productName = oraculusTests;
			productReference = 913CF96F1DB28DFF00328F0A /* oraculusTests.xctest */;
			productType = "com.apple.product-type.bundle.unit-test";
		};
		913CF9791DB28E0000328F0A /* oraculusUITests */ = {
			isa = PBXNativeTarget;
			buildConfigurationList = 913CF9891DB28E0000328F0A /* Build configuration list for PBXNativeTarget "oraculusUITests" */;
			buildPhases = (
				D10925547DF81A9FED018CE5 /* [CP] Check Pods Manifest.lock */,
				913CF9761DB28E0000328F0A /* Sources */,
				913CF9771DB28E0000328F0A /* Frameworks */,
				913CF9781DB28E0000328F0A /* Resources */,
				46D6F9F7065C4D037F22B69E /* [CP] Embed Pods Frameworks */,
				811C8073520500B9AF328EEE /* [CP] Copy Pods Resources */,
			);
			buildRules = (
			);
			dependencies = (
				913CF97C1DB28E0000328F0A /* PBXTargetDependency */,
			);
			name = oraculusUITests;
			productName = oraculusUITests;
			productReference = 913CF97A1DB28E0000328F0A /* oraculusUITests.xctest */;
			productType = "com.apple.product-type.bundle.ui-testing";
		};
/* End PBXNativeTarget section */

/* Begin PBXProject section */
		913CF9531DB28DFF00328F0A /* Project object */ = {
			isa = PBXProject;
			attributes = {
				LastSwiftUpdateCheck = 0800;
				LastUpgradeCheck = 0800;
				ORGANIZATIONNAME = "Alex Sobolevski";
				TargetAttributes = {
					913CF95A1DB28DFF00328F0A = {
						CreatedOnToolsVersion = 8.0;
						DevelopmentTeam = W4NE8246X5;
						ProvisioningStyle = Automatic;
					};
					913CF96E1DB28DFF00328F0A = {
						CreatedOnToolsVersion = 8.0;
						ProvisioningStyle = Automatic;
						TestTargetID = 913CF95A1DB28DFF00328F0A;
					};
					913CF9791DB28E0000328F0A = {
						CreatedOnToolsVersion = 8.0;
						ProvisioningStyle = Automatic;
						TestTargetID = 913CF95A1DB28DFF00328F0A;
					};
				};
			};
			buildConfigurationList = 913CF9561DB28DFF00328F0A /* Build configuration list for PBXProject "oraculus" */;
			compatibilityVersion = "Xcode 3.2";
			developmentRegion = English;
			hasScannedForEncodings = 0;
			knownRegions = (
				en,
				Base,
			);
			mainGroup = 913CF9521DB28DFF00328F0A;
			productRefGroup = 913CF95C1DB28DFF00328F0A /* Products */;
			projectDirPath = "";
			projectRoot = "";
			targets = (
				913CF95A1DB28DFF00328F0A /* oraculus */,
				913CF96E1DB28DFF00328F0A /* oraculusTests */,
				913CF9791DB28E0000328F0A /* oraculusUITests */,
			);
		};
/* End PBXProject section */

/* Begin PBXResourcesBuildPhase section */
		913CF9591DB28DFF00328F0A /* Resources */ = {
			isa = PBXResourcesBuildPhase;
			buildActionMask = 2147483647;
			files = (
				916FCC701DB40089009933AD /* Main.storyboard in Resources */,
				913CF9691DB28DFF00328F0A /* LaunchScreen.storyboard in Resources */,
				913CF9661DB28DFF00328F0A /* Assets.xcassets in Resources */,
			);
			runOnlyForDeploymentPostprocessing = 0;
		};
		913CF96D1DB28DFF00328F0A /* Resources */ = {
			isa = PBXResourcesBuildPhase;
			buildActionMask = 2147483647;
			files = (
			);
			runOnlyForDeploymentPostprocessing = 0;
		};
		913CF9781DB28E0000328F0A /* Resources */ = {
			isa = PBXResourcesBuildPhase;
			buildActionMask = 2147483647;
			files = (
			);
			runOnlyForDeploymentPostprocessing = 0;
		};
/* End PBXResourcesBuildPhase section */

/* Begin PBXShellScriptBuildPhase section */
		39C79D762EFDDB43F3A91922 /* [CP] Embed Pods Frameworks */ = {
			isa = PBXShellScriptBuildPhase;
			buildActionMask = 2147483647;
			files = (
			);
			inputPaths = (
			);
			name = "[CP] Embed Pods Frameworks";
			outputPaths = (
			);
			runOnlyForDeploymentPostprocessing = 0;
			shellPath = /bin/sh;
			shellScript = "\"${SRCROOT}/Pods/Target Support Files/Pods-oraculus/Pods-oraculus-frameworks.sh\"\n";
			showEnvVarsInLog = 0;
		};
		46D6F9F7065C4D037F22B69E /* [CP] Embed Pods Frameworks */ = {
			isa = PBXShellScriptBuildPhase;
			buildActionMask = 2147483647;
			files = (
			);
			inputPaths = (
			);
			name = "[CP] Embed Pods Frameworks";
			outputPaths = (
			);
			runOnlyForDeploymentPostprocessing = 0;
			shellPath = /bin/sh;
			shellScript = "\"${SRCROOT}/Pods/Target Support Files/Pods-oraculusUITests/Pods-oraculusUITests-frameworks.sh\"\n";
			showEnvVarsInLog = 0;
		};
		488D5F9EE3F15F458E252E14 /* [CP] Copy Pods Resources */ = {
			isa = PBXShellScriptBuildPhase;
			buildActionMask = 2147483647;
			files = (
			);
			inputPaths = (
			);
			name = "[CP] Copy Pods Resources";
			outputPaths = (
			);
			runOnlyForDeploymentPostprocessing = 0;
			shellPath = /bin/sh;
			shellScript = "\"${SRCROOT}/Pods/Target Support Files/Pods-oraculusTests/Pods-oraculusTests-resources.sh\"\n";
			showEnvVarsInLog = 0;
		};
		55693E932C762215A85EB71F /* [CP] Embed Pods Frameworks */ = {
			isa = PBXShellScriptBuildPhase;
			buildActionMask = 2147483647;
			files = (
			);
			inputPaths = (
			);
			name = "[CP] Embed Pods Frameworks";
			outputPaths = (
			);
			runOnlyForDeploymentPostprocessing = 0;
			shellPath = /bin/sh;
			shellScript = "\"${SRCROOT}/Pods/Target Support Files/Pods-oraculusTests/Pods-oraculusTests-frameworks.sh\"\n";
			showEnvVarsInLog = 0;
		};
		811C8073520500B9AF328EEE /* [CP] Copy Pods Resources */ = {
			isa = PBXShellScriptBuildPhase;
			buildActionMask = 2147483647;
			files = (
			);
			inputPaths = (
			);
			name = "[CP] Copy Pods Resources";
			outputPaths = (
			);
			runOnlyForDeploymentPostprocessing = 0;
			shellPath = /bin/sh;
			shellScript = "\"${SRCROOT}/Pods/Target Support Files/Pods-oraculusUITests/Pods-oraculusUITests-resources.sh\"\n";
			showEnvVarsInLog = 0;
		};
		87836595D99ABC6080D2DEFA /* [CP] Copy Pods Resources */ = {
			isa = PBXShellScriptBuildPhase;
			buildActionMask = 2147483647;
			files = (
			);
			inputPaths = (
			);
			name = "[CP] Copy Pods Resources";
			outputPaths = (
			);
			runOnlyForDeploymentPostprocessing = 0;
			shellPath = /bin/sh;
			shellScript = "\"${SRCROOT}/Pods/Target Support Files/Pods-oraculus/Pods-oraculus-resources.sh\"\n";
			showEnvVarsInLog = 0;
		};
		D10925547DF81A9FED018CE5 /* [CP] Check Pods Manifest.lock */ = {
			isa = PBXShellScriptBuildPhase;
			buildActionMask = 2147483647;
			files = (
			);
			inputPaths = (
			);
			name = "[CP] Check Pods Manifest.lock";
			outputPaths = (
			);
			runOnlyForDeploymentPostprocessing = 0;
			shellPath = /bin/sh;
			shellScript = "diff \"${PODS_ROOT}/../Podfile.lock\" \"${PODS_ROOT}/Manifest.lock\" > /dev/null\nif [ $? != 0 ] ; then\n    # print error to STDERR\n    echo \"error: The sandbox is not in sync with the Podfile.lock. Run 'pod install' or update your CocoaPods installation.\" >&2\n    exit 1\nfi\n";
			showEnvVarsInLog = 0;
		};
		E784FE3223BEA6DB308A54A8 /* [CP] Check Pods Manifest.lock */ = {
			isa = PBXShellScriptBuildPhase;
			buildActionMask = 2147483647;
			files = (
			);
			inputPaths = (
			);
			name = "[CP] Check Pods Manifest.lock";
			outputPaths = (
			);
			runOnlyForDeploymentPostprocessing = 0;
			shellPath = /bin/sh;
			shellScript = "diff \"${PODS_ROOT}/../Podfile.lock\" \"${PODS_ROOT}/Manifest.lock\" > /dev/null\nif [ $? != 0 ] ; then\n    # print error to STDERR\n    echo \"error: The sandbox is not in sync with the Podfile.lock. Run 'pod install' or update your CocoaPods installation.\" >&2\n    exit 1\nfi\n";
			showEnvVarsInLog = 0;
		};
		FBBD22432B44F9945269E4F9 /* [CP] Check Pods Manifest.lock */ = {
			isa = PBXShellScriptBuildPhase;
			buildActionMask = 2147483647;
			files = (
			);
			inputPaths = (
			);
			name = "[CP] Check Pods Manifest.lock";
			outputPaths = (
			);
			runOnlyForDeploymentPostprocessing = 0;
			shellPath = /bin/sh;
			shellScript = "diff \"${PODS_ROOT}/../Podfile.lock\" \"${PODS_ROOT}/Manifest.lock\" > /dev/null\nif [ $? != 0 ] ; then\n    # print error to STDERR\n    echo \"error: The sandbox is not in sync with the Podfile.lock. Run 'pod install' or update your CocoaPods installation.\" >&2\n    exit 1\nfi\n";
			showEnvVarsInLog = 0;
		};
/* End PBXShellScriptBuildPhase section */

/* Begin PBXSourcesBuildPhase section */
		913CF9571DB28DFF00328F0A /* Sources */ = {
			isa = PBXSourcesBuildPhase;
			buildActionMask = 2147483647;
			files = (
				913CF95F1DB28DFF00328F0A /* AppDelegate.swift in Sources */,
				917E03351DB635CF00C282E5 /* RatingViewController.swift in Sources */,
				916FCC781DB41A39009933AD /* PredictionViewController.swift in Sources */,
				916FCC741DB4134A009933AD /* LoginScreenViewController.swift in Sources */,
				916FCC761DB4159E009933AD /* QuestionsViewController.swift in Sources */,
			);
			runOnlyForDeploymentPostprocessing = 0;
		};
		913CF96B1DB28DFF00328F0A /* Sources */ = {
			isa = PBXSourcesBuildPhase;
			buildActionMask = 2147483647;
			files = (
				913CF9741DB28DFF00328F0A /* oraculusTests.swift in Sources */,
			);
			runOnlyForDeploymentPostprocessing = 0;
		};
		913CF9761DB28E0000328F0A /* Sources */ = {
			isa = PBXSourcesBuildPhase;
			buildActionMask = 2147483647;
			files = (
				913CF97F1DB28E0000328F0A /* oraculusUITests.swift in Sources */,
			);
			runOnlyForDeploymentPostprocessing = 0;
		};
/* End PBXSourcesBuildPhase section */

/* Begin PBXTargetDependency section */
		913CF9711DB28DFF00328F0A /* PBXTargetDependency */ = {
			isa = PBXTargetDependency;
			target = 913CF95A1DB28DFF00328F0A /* oraculus */;
			targetProxy = 913CF9701DB28DFF00328F0A /* PBXContainerItemProxy */;
		};
		913CF97C1DB28E0000328F0A /* PBXTargetDependency */ = {
			isa = PBXTargetDependency;
			target = 913CF95A1DB28DFF00328F0A /* oraculus */;
			targetProxy = 913CF97B1DB28E0000328F0A /* PBXContainerItemProxy */;
		};
/* End PBXTargetDependency section */

/* Begin PBXVariantGroup section */
		913CF9671DB28DFF00328F0A /* LaunchScreen.storyboard */ = {
			isa = PBXVariantGroup;
			children = (
				913CF9681DB28DFF00328F0A /* Base */,
			);
			name = LaunchScreen.storyboard;
			sourceTree = "<group>";
		};
/* End PBXVariantGroup section */

/* Begin XCBuildConfiguration section */
		913CF9811DB28E0000328F0A /* Debug */ = {
			isa = XCBuildConfiguration;
			buildSettings = {
				ALWAYS_SEARCH_USER_PATHS = NO;
				CLANG_ANALYZER_NONNULL = YES;
				CLANG_CXX_LANGUAGE_STANDARD = "gnu++0x";
				CLANG_CXX_LIBRARY = "libc++";
				CLANG_ENABLE_MODULES = YES;
				CLANG_ENABLE_OBJC_ARC = YES;
				CLANG_WARN_BOOL_CONVERSION = YES;
				CLANG_WARN_CONSTANT_CONVERSION = YES;
				CLANG_WARN_DIRECT_OBJC_ISA_USAGE = YES_ERROR;
				CLANG_WARN_DOCUMENTATION_COMMENTS = YES;
				CLANG_WARN_EMPTY_BODY = YES;
				CLANG_WARN_ENUM_CONVERSION = YES;
				CLANG_WARN_INFINITE_RECURSION = YES;
				CLANG_WARN_INT_CONVERSION = YES;
				CLANG_WARN_OBJC_ROOT_CLASS = YES_ERROR;
				CLANG_WARN_SUSPICIOUS_MOVE = YES;
				CLANG_WARN_SUSPICIOUS_MOVES = YES;
				CLANG_WARN_UNREACHABLE_CODE = YES;
				CLANG_WARN__DUPLICATE_METHOD_MATCH = YES;
				"CODE_SIGN_IDENTITY[sdk=iphoneos*]" = "iPhone Developer";
				COPY_PHASE_STRIP = NO;
				DEBUG_INFORMATION_FORMAT = dwarf;
				ENABLE_STRICT_OBJC_MSGSEND = YES;
				ENABLE_TESTABILITY = YES;
				GCC_C_LANGUAGE_STANDARD = gnu99;
				GCC_DYNAMIC_NO_PIC = NO;
				GCC_NO_COMMON_BLOCKS = YES;
				GCC_OPTIMIZATION_LEVEL = 0;
				GCC_PREPROCESSOR_DEFINITIONS = (
					"DEBUG=1",
					"$(inherited)",
				);
				GCC_WARN_64_TO_32_BIT_CONVERSION = YES;
				GCC_WARN_ABOUT_RETURN_TYPE = YES_ERROR;
				GCC_WARN_UNDECLARED_SELECTOR = YES;
				GCC_WARN_UNINITIALIZED_AUTOS = YES_AGGRESSIVE;
				GCC_WARN_UNUSED_FUNCTION = YES;
				GCC_WARN_UNUSED_VARIABLE = YES;
				IPHONEOS_DEPLOYMENT_TARGET = 10.0;
				MTL_ENABLE_DEBUG_INFO = YES;
				ONLY_ACTIVE_ARCH = YES;
				SDKROOT = iphoneos;
				SWIFT_ACTIVE_COMPILATION_CONDITIONS = DEBUG;
				SWIFT_OPTIMIZATION_LEVEL = "-Onone";
			};
			name = Debug;
		};
		913CF9821DB28E0000328F0A /* Release */ = {
			isa = XCBuildConfiguration;
			buildSettings = {
				ALWAYS_SEARCH_USER_PATHS = NO;
				CLANG_ANALYZER_NONNULL = YES;
				CLANG_CXX_LANGUAGE_STANDARD = "gnu++0x";
				CLANG_CXX_LIBRARY = "libc++";
				CLANG_ENABLE_MODULES = YES;
				CLANG_ENABLE_OBJC_ARC = YES;
				CLANG_WARN_BOOL_CONVERSION = YES;
				CLANG_WARN_CONSTANT_CONVERSION = YES;
				CLANG_WARN_DIRECT_OBJC_ISA_USAGE = YES_ERROR;
				CLANG_WARN_DOCUMENTATION_COMMENTS = YES;
				CLANG_WARN_EMPTY_BODY = YES;
				CLANG_WARN_ENUM_CONVERSION = YES;
				CLANG_WARN_INFINITE_RECURSION = YES;
				CLANG_WARN_INT_CONVERSION = YES;
				CLANG_WARN_OBJC_ROOT_CLASS = YES_ERROR;
				CLANG_WARN_SUSPICIOUS_MOVE = YES;
				CLANG_WARN_SUSPICIOUS_MOVES = YES;
				CLANG_WARN_UNREACHABLE_CODE = YES;
				CLANG_WARN__DUPLICATE_METHOD_MATCH = YES;
				"CODE_SIGN_IDENTITY[sdk=iphoneos*]" = "iPhone Developer";
				COPY_PHASE_STRIP = NO;
				DEBUG_INFORMATION_FORMAT = "dwarf-with-dsym";
				ENABLE_NS_ASSERTIONS = NO;
				ENABLE_STRICT_OBJC_MSGSEND = YES;
				GCC_C_LANGUAGE_STANDARD = gnu99;
				GCC_NO_COMMON_BLOCKS = YES;
				GCC_WARN_64_TO_32_BIT_CONVERSION = YES;
				GCC_WARN_ABOUT_RETURN_TYPE = YES_ERROR;
				GCC_WARN_UNDECLARED_SELECTOR = YES;
				GCC_WARN_UNINITIALIZED_AUTOS = YES_AGGRESSIVE;
				GCC_WARN_UNUSED_FUNCTION = YES;
				GCC_WARN_UNUSED_VARIABLE = YES;
				IPHONEOS_DEPLOYMENT_TARGET = 10.0;
				MTL_ENABLE_DEBUG_INFO = NO;
				SDKROOT = iphoneos;
				SWIFT_OPTIMIZATION_LEVEL = "-Owholemodule";
				VALIDATE_PRODUCT = YES;
			};
			name = Release;
		};
		913CF9841DB28E0000328F0A /* Debug */ = {
			isa = XCBuildConfiguration;
			baseConfigurationReference = 96108A0EE4EC5BB3AD489945 /* Pods-oraculus.debug.xcconfig */;
			buildSettings = {
				ASSETCATALOG_COMPILER_APPICON_NAME = AppIcon;
				DEVELOPMENT_TEAM = W4NE8246X5;
				INFOPLIST_FILE = oraculus/Info.plist;
				LD_RUNPATH_SEARCH_PATHS = "$(inherited) @executable_path/Frameworks";
				PRODUCT_BUNDLE_IDENTIFIER = com.kakadu.oraculus;
				PRODUCT_NAME = "$(TARGET_NAME)";
				"SWIFT_OBJC_BRIDGING_HEADER[arch=*]" = "";
				SWIFT_VERSION = 3.0;
				USER_HEADER_SEARCH_PATHS = "$(inherited) @executable_path/Frameworks";
			};
			name = Debug;
		};
		913CF9851DB28E0000328F0A /* Release */ = {
			isa = XCBuildConfiguration;
			baseConfigurationReference = 2A8FC2EB714E0A5D95703D1E /* Pods-oraculus.release.xcconfig */;
			buildSettings = {
				ASSETCATALOG_COMPILER_APPICON_NAME = AppIcon;
				DEVELOPMENT_TEAM = W4NE8246X5;
				INFOPLIST_FILE = oraculus/Info.plist;
				LD_RUNPATH_SEARCH_PATHS = "$(inherited) @executable_path/Frameworks";
				PRODUCT_BUNDLE_IDENTIFIER = com.kakadu.oraculus;
				PRODUCT_NAME = "$(TARGET_NAME)";
				SWIFT_VERSION = 3.0;
				USER_HEADER_SEARCH_PATHS = "$(inherited) @executable_path/Frameworks";
			};
			name = Release;
		};
		913CF9871DB28E0000328F0A /* Debug */ = {
			isa = XCBuildConfiguration;
			baseConfigurationReference = 788CAE9869BE320626F55406 /* Pods-oraculusTests.debug.xcconfig */;
			buildSettings = {
				ALWAYS_EMBED_SWIFT_STANDARD_LIBRARIES = YES;
				BUNDLE_LOADER = "$(TEST_HOST)";
				INFOPLIST_FILE = oraculusTests/Info.plist;
				LD_RUNPATH_SEARCH_PATHS = "$(inherited) @executable_path/Frameworks @loader_path/Frameworks";
				PRODUCT_BUNDLE_IDENTIFIER = kakadu.oraculusTests;
				PRODUCT_NAME = "$(TARGET_NAME)";
				SWIFT_VERSION = 3.0;
				TEST_HOST = "$(BUILT_PRODUCTS_DIR)/oraculus.app/oraculus";
			};
			name = Debug;
		};
		913CF9881DB28E0000328F0A /* Release */ = {
			isa = XCBuildConfiguration;
			baseConfigurationReference = B9F5731303D3DBB63F75ABF6 /* Pods-oraculusTests.release.xcconfig */;
			buildSettings = {
				ALWAYS_EMBED_SWIFT_STANDARD_LIBRARIES = YES;
				BUNDLE_LOADER = "$(TEST_HOST)";
				INFOPLIST_FILE = oraculusTests/Info.plist;
				LD_RUNPATH_SEARCH_PATHS = "$(inherited) @executable_path/Frameworks @loader_path/Frameworks";
				PRODUCT_BUNDLE_IDENTIFIER = kakadu.oraculusTests;
				PRODUCT_NAME = "$(TARGET_NAME)";
				SWIFT_VERSION = 3.0;
				TEST_HOST = "$(BUILT_PRODUCTS_DIR)/oraculus.app/oraculus";
			};
			name = Release;
		};
		913CF98A1DB28E0000328F0A /* Debug */ = {
			isa = XCBuildConfiguration;
			baseConfigurationReference = 83EEC42F6FD6571DFA6CCC82 /* Pods-oraculusUITests.debug.xcconfig */;
			buildSettings = {
				ALWAYS_EMBED_SWIFT_STANDARD_LIBRARIES = YES;
				INFOPLIST_FILE = oraculusUITests/Info.plist;
				LD_RUNPATH_SEARCH_PATHS = "$(inherited) @executable_path/Frameworks @loader_path/Frameworks";
				PRODUCT_BUNDLE_IDENTIFIER = kakadu.oraculusUITests;
				PRODUCT_NAME = "$(TARGET_NAME)";
				SWIFT_VERSION = 3.0;
				TEST_TARGET_NAME = oraculus;
			};
			name = Debug;
		};
		913CF98B1DB28E0000328F0A /* Release */ = {
			isa = XCBuildConfiguration;
			baseConfigurationReference = AC793434339D0F61B20CF9B7 /* Pods-oraculusUITests.release.xcconfig */;
			buildSettings = {
				ALWAYS_EMBED_SWIFT_STANDARD_LIBRARIES = YES;
				INFOPLIST_FILE = oraculusUITests/Info.plist;
				LD_RUNPATH_SEARCH_PATHS = "$(inherited) @executable_path/Frameworks @loader_path/Frameworks";
				PRODUCT_BUNDLE_IDENTIFIER = kakadu.oraculusUITests;
				PRODUCT_NAME = "$(TARGET_NAME)";
				SWIFT_VERSION = 3.0;
				TEST_TARGET_NAME = oraculus;
			};
			name = Release;
		};
/* End XCBuildConfiguration section */

/* Begin XCConfigurationList section */
		913CF9561DB28DFF00328F0A /* Build configuration list for PBXProject "oraculus" */ = {
			isa = XCConfigurationList;
			buildConfigurations = (
				913CF9811DB28E0000328F0A /* Debug */,
				913CF9821DB28E0000328F0A /* Release */,
			);
			defaultConfigurationIsVisible = 0;
			defaultConfigurationName = Release;
		};
		913CF9831DB28E0000328F0A /* Build configuration list for PBXNativeTarget "oraculus" */ = {
			isa = XCConfigurationList;
			buildConfigurations = (
				913CF9841DB28E0000328F0A /* Debug */,
				913CF9851DB28E0000328F0A /* Release */,
			);
			defaultConfigurationIsVisible = 0;
			defaultConfigurationName = Release;
		};
		913CF9861DB28E0000328F0A /* Build configuration list for PBXNativeTarget "oraculusTests" */ = {
			isa = XCConfigurationList;
			buildConfigurations = (
				913CF9871DB28E0000328F0A /* Debug */,
				913CF9881DB28E0000328F0A /* Release */,
			);
			defaultConfigurationIsVisible = 0;
			defaultConfigurationName = Release;
		};
		913CF9891DB28E0000328F0A /* Build configuration list for PBXNativeTarget "oraculusUITests" */ = {
			isa = XCConfigurationList;
			buildConfigurations = (
				913CF98A1DB28E0000328F0A /* Debug */,
				913CF98B1DB28E0000328F0A /* Release */,
			);
			defaultConfigurationIsVisible = 0;
			defaultConfigurationName = Release;
		};
/* End XCConfigurationList section */
	};
	rootObject = 913CF9531DB28DFF00328F0A /* Project object */;
}
